
Microsoft Visual Studio Solution File, Format Version 12.00
Project("{FAE04EC0-301F-11D3-BF4B-00C04F79EFBC}") = "Contracts", "Contracts\Contracts.csproj", "{7F76A605-1AB5-4661-A8F5-B4E943C18E29}"
EndProject
Project("{FAE04EC0-301F-11D3-BF4B-00C04F79EFBC}") = "Domain", "Domain\Domain.csproj", "{72B2624B-70CC-4C1B-8B4A-6BDC9AF79F70}"
EndProject
Project("{FAE04EC0-301F-11D3-BF4B-00C04F79EFBC}") = "Persistence", "Persistence\Persistence.csproj", "{FD8362CC-A064-4903-BD8D-EBED4502791A}"
EndProject
Project("{FAE04EC0-301F-11D3-BF4B-00C04F79EFBC}") = "Presentation", "Presentation\Presentation.csproj", "{F5E9B55D-7C33-42FF-A0B7-0C14FA15F32B}"
EndProject
Project("{FAE04EC0-301F-11D3-BF4B-00C04F79EFBC}") = "Services", "Services\Services.csproj", "{1FC14035-ACBB-44D2-ACD3-D083FE0FF9CC}"
EndProject
Project("{FAE04EC0-301F-11D3-BF4B-00C04F79EFBC}") = "Services.Abstractions", "Services.Abstractions\Services.Abstractions.csproj", "{3EEF2D9D-EE2D-4E92-AB92-C76AA19A3500}"
EndProject
Project("{FAE04EC0-301F-11D3-BF4B-00C04F79EFBC}") = "Web", "Web\Web.csproj", "{BA0B0C0E-B14F-4DBD-AB22-A665AF4B122B}"
EndProject
Project("{2150E333-8FDC-42A3-9474-1A3956D46DE8}") = "Core", "Core", "{A8D09790-4938-465A-98B9-B33AF2C7C5CC}"
EndProject
Project("{2150E333-8FDC-42A3-9474-1A3956D46DE8}") = "Infrastructure", "Infrastructure", "{28FFDF80-010C-4013-97C5-FF178DB15195}"
EndProject
Project("{2150E333-8FDC-42A3-9474-1A3956D46DE8}") = "Tests", "Tests", "{0AA2C975-5F81-4B08-95D4-B53E793BEB91}"
EndProject
Project("{FAE04EC0-301F-11D3-BF4B-00C04F79EFBC}") = "Service.Tests", "Service.Tests\Service.Tests.csproj", "{C69B605A-6F7A-4BA6-8895-E0AA30F520BE}"
EndProject
Global
	GlobalSection(SolutionConfigurationPlatforms) = preSolution
		Debug|Any CPU = Debug|Any CPU
		Release|Any CPU = Release|Any CPU
	EndGlobalSection
	GlobalSection(ProjectConfigurationPlatforms) = postSolution
		{7F76A605-1AB5-4661-A8F5-B4E943C18E29}.Debug|Any CPU.ActiveCfg = Debug|Any CPU
		{7F76A605-1AB5-4661-A8F5-B4E943C18E29}.Debug|Any CPU.Build.0 = Debug|Any CPU
		{7F76A605-1AB5-4661-A8F5-B4E943C18E29}.Release|Any CPU.ActiveCfg = Release|Any CPU
		{7F76A605-1AB5-4661-A8F5-B4E943C18E29}.Release|Any CPU.Build.0 = Release|Any CPU
		{72B2624B-70CC-4C1B-8B4A-6BDC9AF79F70}.Debug|Any CPU.ActiveCfg = Debug|Any CPU
		{72B2624B-70CC-4C1B-8B4A-6BDC9AF79F70}.Debug|Any CPU.Build.0 = Debug|Any CPU
		{72B2624B-70CC-4C1B-8B4A-6BDC9AF79F70}.Release|Any CPU.ActiveCfg = Release|Any CPU
		{72B2624B-70CC-4C1B-8B4A-6BDC9AF79F70}.Release|Any CPU.Build.0 = Release|Any CPU
		{FD8362CC-A064-4903-BD8D-EBED4502791A}.Debug|Any CPU.ActiveCfg = Debug|Any CPU
		{FD8362CC-A064-4903-BD8D-EBED4502791A}.Debug|Any CPU.Build.0 = Debug|Any CPU
		{FD8362CC-A064-4903-BD8D-EBED4502791A}.Release|Any CPU.ActiveCfg = Release|Any CPU
		{FD8362CC-A064-4903-BD8D-EBED4502791A}.Release|Any CPU.Build.0 = Release|Any CPU
		{F5E9B55D-7C33-42FF-A0B7-0C14FA15F32B}.Debug|Any CPU.ActiveCfg = Debug|Any CPU
		{F5E9B55D-7C33-42FF-A0B7-0C14FA15F32B}.Debug|Any CPU.Build.0 = Debug|Any CPU
		{F5E9B55D-7C33-42FF-A0B7-0C14FA15F32B}.Release|Any CPU.ActiveCfg = Release|Any CPU
		{F5E9B55D-7C33-42FF-A0B7-0C14FA15F32B}.Release|Any CPU.Build.0 = Release|Any CPU
		{1FC14035-ACBB-44D2-ACD3-D083FE0FF9CC}.Debug|Any CPU.ActiveCfg = Debug|Any CPU
		{1FC14035-ACBB-44D2-ACD3-D083FE0FF9CC}.Debug|Any CPU.Build.0 = Debug|Any CPU
		{1FC14035-ACBB-44D2-ACD3-D083FE0FF9CC}.Release|Any CPU.ActiveCfg = Release|Any CPU
		{1FC14035-ACBB-44D2-ACD3-D083FE0FF9CC}.Release|Any CPU.Build.0 = Release|Any CPU
		{3EEF2D9D-EE2D-4E92-AB92-C76AA19A3500}.Debug|Any CPU.ActiveCfg = Debug|Any CPU
		{3EEF2D9D-EE2D-4E92-AB92-C76AA19A3500}.Debug|Any CPU.Build.0 = Debug|Any CPU
		{3EEF2D9D-EE2D-4E92-AB92-C76AA19A3500}.Release|Any CPU.ActiveCfg = Release|Any CPU
		{3EEF2D9D-EE2D-4E92-AB92-C76AA19A3500}.Release|Any CPU.Build.0 = Release|Any CPU
		{BA0B0C0E-B14F-4DBD-AB22-A665AF4B122B}.Debug|Any CPU.ActiveCfg = Debug|Any CPU
		{BA0B0C0E-B14F-4DBD-AB22-A665AF4B122B}.Debug|Any CPU.Build.0 = Debug|Any CPU
		{BA0B0C0E-B14F-4DBD-AB22-A665AF4B122B}.Release|Any CPU.ActiveCfg = Release|Any CPU
		{BA0B0C0E-B14F-4DBD-AB22-A665AF4B122B}.Release|Any CPU.Build.0 = Release|Any CPU
		{C69B605A-6F7A-4BA6-8895-E0AA30F520BE}.Debug|Any CPU.ActiveCfg = Debug|Any CPU
		{C69B605A-6F7A-4BA6-8895-E0AA30F520BE}.Debug|Any CPU.Build.0 = Debug|Any CPU
		{C69B605A-6F7A-4BA6-8895-E0AA30F520BE}.Release|Any CPU.ActiveCfg = Release|Any CPU
		{C69B605A-6F7A-4BA6-8895-E0AA30F520BE}.Release|Any CPU.Build.0 = Release|Any CPU
	EndGlobalSection
	GlobalSection(NestedProjects) = preSolution
		{7F76A605-1AB5-4661-A8F5-B4E943C18E29} = {A8D09790-4938-465A-98B9-B33AF2C7C5CC}
		{72B2624B-70CC-4C1B-8B4A-6BDC9AF79F70} = {A8D09790-4938-465A-98B9-B33AF2C7C5CC}
		{1FC14035-ACBB-44D2-ACD3-D083FE0FF9CC} = {A8D09790-4938-465A-98B9-B33AF2C7C5CC}
		{3EEF2D9D-EE2D-4E92-AB92-C76AA19A3500} = {A8D09790-4938-465A-98B9-B33AF2C7C5CC}
		{FD8362CC-A064-4903-BD8D-EBED4502791A} = {28FFDF80-010C-4013-97C5-FF178DB15195}
		{F5E9B55D-7C33-42FF-A0B7-0C14FA15F32B} = {28FFDF80-010C-4013-97C5-FF178DB15195}
		{C69B605A-6F7A-4BA6-8895-E0AA30F520BE} = {0AA2C975-5F81-4B08-95D4-B53E793BEB91}
	EndGlobalSection
EndGlobal
